
Microsoft Visual Studio Solution File, Format Version 12.00
# Visual Studio 2013
VisualStudioVersion = 12.0.31101.0
MinimumVisualStudioVersion = 10.0.40219.1
Project("{FAE04EC0-301F-11D3-BF4B-00C04F79EFBC}") = "1", "first\1.csproj", "{E32B8870-9CF7-4565-87BD-5B46F19FAC16}"
EndProject
Project("{FAE04EC0-301F-11D3-BF4B-00C04F79EFBC}") = "2", "Second\2.csproj", "{C24A413E-9E4C-4FDD-884C-13B0303581CA}"
EndProject
Project("{FAE04EC0-301F-11D3-BF4B-00C04F79EFBC}") = "3", "3\3.csproj", "{0F64B722-F957-43DA-B255-A148607FBC2E}"
EndProject
Project("{FAE04EC0-301F-11D3-BF4B-00C04F79EFBC}") = "4", "4\4.csproj", "{E28B34BE-0933-49B6-BAAA-D1C096A04A8F}"
EndProject
Project("{FAE04EC0-301F-11D3-BF4B-00C04F79EFBC}") = "5", "5\5.csproj", "{FA5F1668-29A3-400C-96EE-3EACA4162C2E}"
EndProject
Project("{FAE04EC0-301F-11D3-BF4B-00C04F79EFBC}") = "6", "6\6.csproj", "{B55E756E-590D-4C95-8D9A-D8C0A0B047BA}"
EndProject
Project("{FAE04EC0-301F-11D3-BF4B-00C04F79EFBC}") = "7", "7\7.csproj", "{00CFB90B-27FF-4B65-8358-DE1B429B9722}"
EndProject
Project("{FAE04EC0-301F-11D3-BF4B-00C04F79EFBC}") = "8", "8\8.csproj", "{179EFB42-4AFF-4176-944E-B87D02094C54}"
EndProject
Project("{FAE04EC0-301F-11D3-BF4B-00C04F79EFBC}") = "9", "9\9.csproj", "{BD24676E-6B98-44B5-8045-ECAA900B35B4}"
EndProject
Project("{FAE04EC0-301F-11D3-BF4B-00C04F79EFBC}") = "ten", "ten\ten.csproj", "{25C69361-6125-4C06-8881-37631D35ED43}"
EndProject
Global
	GlobalSection(SolutionConfigurationPlatforms) = preSolution
		Debug|Any CPU = Debug|Any CPU
		Release|Any CPU = Release|Any CPU
	EndGlobalSection
	GlobalSection(ProjectConfigurationPlatforms) = postSolution
		{E32B8870-9CF7-4565-87BD-5B46F19FAC16}.Debug|Any CPU.ActiveCfg = Debug|Any CPU
		{E32B8870-9CF7-4565-87BD-5B46F19FAC16}.Debug|Any CPU.Build.0 = Debug|Any CPU
		{E32B8870-9CF7-4565-87BD-5B46F19FAC16}.Release|Any CPU.ActiveCfg = Release|Any CPU
		{E32B8870-9CF7-4565-87BD-5B46F19FAC16}.Release|Any CPU.Build.0 = Release|Any CPU
		{C24A413E-9E4C-4FDD-884C-13B0303581CA}.Debug|Any CPU.ActiveCfg = Debug|Any CPU
		{C24A413E-9E4C-4FDD-884C-13B0303581CA}.Debug|Any CPU.Build.0 = Debug|Any CPU
		{C24A413E-9E4C-4FDD-884C-13B0303581CA}.Release|Any CPU.ActiveCfg = Release|Any CPU
		{C24A413E-9E4C-4FDD-884C-13B0303581CA}.Release|Any CPU.Build.0 = Release|Any CPU
		{0F64B722-F957-43DA-B255-A148607FBC2E}.Debug|Any CPU.ActiveCfg = Debug|Any CPU
		{0F64B722-F957-43DA-B255-A148607FBC2E}.Debug|Any CPU.Build.0 = Debug|Any CPU
		{0F64B722-F957-43DA-B255-A148607FBC2E}.Release|Any CPU.ActiveCfg = Release|Any CPU
		{0F64B722-F957-43DA-B255-A148607FBC2E}.Release|Any CPU.Build.0 = Release|Any CPU
		{E28B34BE-0933-49B6-BAAA-D1C096A04A8F}.Debug|Any CPU.ActiveCfg = Debug|Any CPU
		{E28B34BE-0933-49B6-BAAA-D1C096A04A8F}.Debug|Any CPU.Build.0 = Debug|Any CPU
		{E28B34BE-0933-49B6-BAAA-D1C096A04A8F}.Release|Any CPU.ActiveCfg = Release|Any CPU
		{E28B34BE-0933-49B6-BAAA-D1C096A04A8F}.Release|Any CPU.Build.0 = Release|Any CPU
		{FA5F1668-29A3-400C-96EE-3EACA4162C2E}.Debug|Any CPU.ActiveCfg = Debug|Any CPU
		{FA5F1668-29A3-400C-96EE-3EACA4162C2E}.Debug|Any CPU.Build.0 = Debug|Any CPU
		{FA5F1668-29A3-400C-96EE-3EACA4162C2E}.Release|Any CPU.ActiveCfg = Release|Any CPU
		{FA5F1668-29A3-400C-96EE-3EACA4162C2E}.Release|Any CPU.Build.0 = Release|Any CPU
		{B55E756E-590D-4C95-8D9A-D8C0A0B047BA}.Debug|Any CPU.ActiveCfg = Debug|Any CPU
		{B55E756E-590D-4C95-8D9A-D8C0A0B047BA}.Debug|Any CPU.Build.0 = Debug|Any CPU
		{B55E756E-590D-4C95-8D9A-D8C0A0B047BA}.Release|Any CPU.ActiveCfg = Release|Any CPU
		{B55E756E-590D-4C95-8D9A-D8C0A0B047BA}.Release|Any CPU.Build.0 = Release|Any CPU
		{00CFB90B-27FF-4B65-8358-DE1B429B9722}.Debug|Any CPU.ActiveCfg = Debug|Any CPU
		{00CFB90B-27FF-4B65-8358-DE1B429B9722}.Debug|Any CPU.Build.0 = Debug|Any CPU
		{00CFB90B-27FF-4B65-8358-DE1B429B9722}.Release|Any CPU.ActiveCfg = Release|Any CPU
		{00CFB90B-27FF-4B65-8358-DE1B429B9722}.Release|Any CPU.Build.0 = Release|Any CPU
		{179EFB42-4AFF-4176-944E-B87D02094C54}.Debug|Any CPU.ActiveCfg = Debug|Any CPU
		{179EFB42-4AFF-4176-944E-B87D02094C54}.Debug|Any CPU.Build.0 = Debug|Any CPU
		{179EFB42-4AFF-4176-944E-B87D02094C54}.Release|Any CPU.ActiveCfg = Release|Any CPU
		{179EFB42-4AFF-4176-944E-B87D02094C54}.Release|Any CPU.Build.0 = Release|Any CPU
		{BD24676E-6B98-44B5-8045-ECAA900B35B4}.Debug|Any CPU.ActiveCfg = Debug|Any CPU
		{BD24676E-6B98-44B5-8045-ECAA900B35B4}.Debug|Any CPU.Build.0 = Debug|Any CPU
		{BD24676E-6B98-44B5-8045-ECAA900B35B4}.Release|Any CPU.ActiveCfg = Release|Any CPU
		{BD24676E-6B98-44B5-8045-ECAA900B35B4}.Release|Any CPU.Build.0 = Release|Any CPU
		{25C69361-6125-4C06-8881-37631D35ED43}.Debug|Any CPU.ActiveCfg = Debug|Any CPU
		{25C69361-6125-4C06-8881-37631D35ED43}.Debug|Any CPU.Build.0 = Debug|Any CPU
		{25C69361-6125-4C06-8881-37631D35ED43}.Release|Any CPU.ActiveCfg = Release|Any CPU
		{25C69361-6125-4C06-8881-37631D35ED43}.Release|Any CPU.Build.0 = Release|Any CPU
	EndGlobalSection
	GlobalSection(SolutionProperties) = preSolution
		HideSolutionNode = FALSE
	EndGlobalSection
EndGlobal
